
Microsoft Visual Studio Solution File, Format Version 12.00
# Visual Studio Version 17
VisualStudioVersion = 17.0.31903.59
MinimumVisualStudioVersion = 10.0.40219.1
Project("{FAE04EC0-301F-11D3-BF4B-00C04F79EFBC}") = "MediumLoadTesting", "MediumLoadTesting\MediumLoadTesting.csproj", "{7850F9B8-443A-4F23-80A6-2E9DE433ABB5}"
EndProject
Global
	GlobalSection(SolutionConfigurationPlatforms) = preSolution
		Debug|Any CPU = Debug|Any CPU
		Release|Any CPU = Release|Any CPU
	EndGlobalSection
	GlobalSection(SolutionProperties) = preSolution
		HideSolutionNode = FALSE
	EndGlobalSection
	GlobalSection(ProjectConfigurationPlatforms) = postSolution
		{7850F9B8-443A-4F23-80A6-2E9DE433ABB5}.Debug|Any CPU.ActiveCfg = Debug|Any CPU
		{7850F9B8-443A-4F23-80A6-2E9DE433ABB5}.Debug|Any CPU.Build.0 = Debug|Any CPU
		{7850F9B8-443A-4F23-80A6-2E9DE433ABB5}.Release|Any CPU.ActiveCfg = Release|Any CPU
		{7850F9B8-443A-4F23-80A6-2E9DE433ABB5}.Release|Any CPU.Build.0 = Release|Any CPU
	EndGlobalSection
EndGlobal
